
Microsoft Visual Studio Solution File, Format Version 12.00
# Visual Studio Version 17
VisualStudioVersion = 17.5.33516.290
MinimumVisualStudioVersion = 10.0.40219.1
Project("{FAE04EC0-301F-11D3-BF4B-00C04F79EFBC}") = "SeaBattle", "SeaBattle\SeaBattle.csproj", "{BBAC0A26-8F9D-4DB4-B25B-C7C1D81C673F}"
EndProject
Global
	GlobalSection(SolutionConfigurationPlatforms) = preSolution
		Debug|Any CPU = Debug|Any CPU
		Release|Any CPU = Release|Any CPU
	EndGlobalSection
	GlobalSection(ProjectConfigurationPlatforms) = postSolution
		{BBAC0A26-8F9D-4DB4-B25B-C7C1D81C673F}.Debug|Any CPU.ActiveCfg = Debug|Any CPU
		{BBAC0A26-8F9D-4DB4-B25B-C7C1D81C673F}.Debug|Any CPU.Build.0 = Debug|Any CPU
		{BBAC0A26-8F9D-4DB4-B25B-C7C1D81C673F}.Release|Any CPU.ActiveCfg = Release|Any CPU
		{BBAC0A26-8F9D-4DB4-B25B-C7C1D81C673F}.Release|Any CPU.Build.0 = Release|Any CPU
	EndGlobalSection
	GlobalSection(SolutionProperties) = preSolution
		HideSolutionNode = FALSE
	EndGlobalSection
	GlobalSection(ExtensibilityGlobals) = postSolution
		SolutionGuid = {D7D6F4A8-BC39-4105-B7DA-055EF6482AE9}
	EndGlobalSection
EndGlobal
